
Microsoft Visual Studio Solution File, Format Version 12.00
# Visual Studio Version 16
VisualStudioVersion = 25.0.1700.0
MinimumVisualStudioVersion = 10.0.40219.1
Project("{FAE04EC0-301F-11D3-BF4B-00C04F79EFBC}") = "jgkg", "jgkg\jgkg.csproj", "{E7470BB9-E1B7-4743-84B8-7DAFFC58D28D}"
EndProject
Global
	GlobalSection(SolutionConfigurationPlatforms) = preSolution
		Debug|Any CPU = Debug|Any CPU
		Release|Any CPU = Release|Any CPU
	EndGlobalSection
	GlobalSection(ProjectConfigurationPlatforms) = postSolution
		{E7470BB9-E1B7-4743-84B8-7DAFFC58D28D}.Debug|Any CPU.ActiveCfg = Debug|Any CPU
		{E7470BB9-E1B7-4743-84B8-7DAFFC58D28D}.Debug|Any CPU.Build.0 = Debug|Any CPU
		{E7470BB9-E1B7-4743-84B8-7DAFFC58D28D}.Release|Any CPU.ActiveCfg = Release|Any CPU
		{E7470BB9-E1B7-4743-84B8-7DAFFC58D28D}.Release|Any CPU.Build.0 = Release|Any CPU
	EndGlobalSection
	GlobalSection(SolutionProperties) = preSolution
		HideSolutionNode = FALSE
	EndGlobalSection
	GlobalSection(ExtensibilityGlobals) = postSolution
		SolutionGuid = {CEBE49EE-F8A0-49B4-94B6-830ABFBD2051}
	EndGlobalSection
EndGlobal
